
Microsoft Visual Studio Solution File, Format Version 12.00
# Visual Studio Version 17
VisualStudioVersion = 17.2.32616.157
MinimumVisualStudioVersion = 10.0.40219.1
Project("{FAE04EC0-301F-11D3-BF4B-00C04F79EFBC}") = "SisEstoque", "SisEstoque\SisEstoque.csproj", "{43E87AC3-9A1B-43A9-9984-7BD550CBC199}"
EndProject
Global
	GlobalSection(SolutionConfigurationPlatforms) = preSolution
		Debug|Any CPU = Debug|Any CPU
		Release|Any CPU = Release|Any CPU
	EndGlobalSection
	GlobalSection(ProjectConfigurationPlatforms) = postSolution
		{43E87AC3-9A1B-43A9-9984-7BD550CBC199}.Debug|Any CPU.ActiveCfg = Debug|Any CPU
		{43E87AC3-9A1B-43A9-9984-7BD550CBC199}.Debug|Any CPU.Build.0 = Debug|Any CPU
		{43E87AC3-9A1B-43A9-9984-7BD550CBC199}.Release|Any CPU.ActiveCfg = Release|Any CPU
		{43E87AC3-9A1B-43A9-9984-7BD550CBC199}.Release|Any CPU.Build.0 = Release|Any CPU
	EndGlobalSection
	GlobalSection(SolutionProperties) = preSolution
		HideSolutionNode = FALSE
	EndGlobalSection
	GlobalSection(ExtensibilityGlobals) = postSolution
		SolutionGuid = {C0EF73BE-A900-4533-A9AE-367809389515}
	EndGlobalSection
EndGlobal
